
Microsoft Visual Studio Solution File, Format Version 12.00
# Visual Studio Version 17
VisualStudioVersion = 17.7.34221.43
MinimumVisualStudioVersion = 10.0.40219.1
Project("{8BC9CEB8-8B4A-11D0-8D11-00A0C91BC942}") = "stackstest", "stackstest\stackstest.vcxproj", "{84634BF9-3277-4B1A-A999-D7ABCA30DE3A}"
EndProject
Global
	GlobalSection(SolutionConfigurationPlatforms) = preSolution
		Debug|x64 = Debug|x64
		Debug|x86 = Debug|x86
		Release|x64 = Release|x64
		Release|x86 = Release|x86
	EndGlobalSection
	GlobalSection(ProjectConfigurationPlatforms) = postSolution
		{84634BF9-3277-4B1A-A999-D7ABCA30DE3A}.Debug|x64.ActiveCfg = Debug|x64
		{84634BF9-3277-4B1A-A999-D7ABCA30DE3A}.Debug|x64.Build.0 = Debug|x64
		{84634BF9-3277-4B1A-A999-D7ABCA30DE3A}.Debug|x86.ActiveCfg = Debug|Win32
		{84634BF9-3277-4B1A-A999-D7ABCA30DE3A}.Debug|x86.Build.0 = Debug|Win32
		{84634BF9-3277-4B1A-A999-D7ABCA30DE3A}.Release|x64.ActiveCfg = Release|x64
		{84634BF9-3277-4B1A-A999-D7ABCA30DE3A}.Release|x64.Build.0 = Release|x64
		{84634BF9-3277-4B1A-A999-D7ABCA30DE3A}.Release|x86.ActiveCfg = Release|Win32
		{84634BF9-3277-4B1A-A999-D7ABCA30DE3A}.Release|x86.Build.0 = Release|Win32
	EndGlobalSection
	GlobalSection(SolutionProperties) = preSolution
		HideSolutionNode = FALSE
	EndGlobalSection
	GlobalSection(ExtensibilityGlobals) = postSolution
		SolutionGuid = {96643436-5F5C-49C3-B1AA-3D24B72BD86B}
	EndGlobalSection
EndGlobal
