
Microsoft Visual Studio Solution File, Format Version 12.00
# Visual Studio Version 17
VisualStudioVersion = 17.7.34221.43
MinimumVisualStudioVersion = 10.0.40219.1
Project("{8BC9CEB8-8B4A-11D0-8D11-00A0C91BC942}") = "Lec14_queue", "Lec14_queue\Lec14_queue.vcxproj", "{257707BC-6205-43D2-9508-A8ABE22F2DBA}"
EndProject
Global
	GlobalSection(SolutionConfigurationPlatforms) = preSolution
		Debug|x64 = Debug|x64
		Debug|x86 = Debug|x86
		Release|x64 = Release|x64
		Release|x86 = Release|x86
	EndGlobalSection
	GlobalSection(ProjectConfigurationPlatforms) = postSolution
		{257707BC-6205-43D2-9508-A8ABE22F2DBA}.Debug|x64.ActiveCfg = Debug|x64
		{257707BC-6205-43D2-9508-A8ABE22F2DBA}.Debug|x64.Build.0 = Debug|x64
		{257707BC-6205-43D2-9508-A8ABE22F2DBA}.Debug|x86.ActiveCfg = Debug|Win32
		{257707BC-6205-43D2-9508-A8ABE22F2DBA}.Debug|x86.Build.0 = Debug|Win32
		{257707BC-6205-43D2-9508-A8ABE22F2DBA}.Release|x64.ActiveCfg = Release|x64
		{257707BC-6205-43D2-9508-A8ABE22F2DBA}.Release|x64.Build.0 = Release|x64
		{257707BC-6205-43D2-9508-A8ABE22F2DBA}.Release|x86.ActiveCfg = Release|Win32
		{257707BC-6205-43D2-9508-A8ABE22F2DBA}.Release|x86.Build.0 = Release|Win32
	EndGlobalSection
	GlobalSection(SolutionProperties) = preSolution
		HideSolutionNode = FALSE
	EndGlobalSection
	GlobalSection(ExtensibilityGlobals) = postSolution
		SolutionGuid = {A1606538-589C-479E-91D7-EFEF7DF49EC3}
	EndGlobalSection
EndGlobal
