
Microsoft Visual Studio Solution File, Format Version 12.00
# Visual Studio Version 17
VisualStudioVersion = 17.7.34221.43
MinimumVisualStudioVersion = 10.0.40219.1
Project("{8BC9CEB8-8B4A-11D0-8D11-00A0C91BC942}") = "gpa", "gpa\gpa.vcxproj", "{3EF45E35-2840-43A8-B6B2-34FCBDFFAF09}"
EndProject
Global
	GlobalSection(SolutionConfigurationPlatforms) = preSolution
		Debug|x64 = Debug|x64
		Debug|x86 = Debug|x86
		Release|x64 = Release|x64
		Release|x86 = Release|x86
	EndGlobalSection
	GlobalSection(ProjectConfigurationPlatforms) = postSolution
		{3EF45E35-2840-43A8-B6B2-34FCBDFFAF09}.Debug|x64.ActiveCfg = Debug|x64
		{3EF45E35-2840-43A8-B6B2-34FCBDFFAF09}.Debug|x64.Build.0 = Debug|x64
		{3EF45E35-2840-43A8-B6B2-34FCBDFFAF09}.Debug|x86.ActiveCfg = Debug|Win32
		{3EF45E35-2840-43A8-B6B2-34FCBDFFAF09}.Debug|x86.Build.0 = Debug|Win32
		{3EF45E35-2840-43A8-B6B2-34FCBDFFAF09}.Release|x64.ActiveCfg = Release|x64
		{3EF45E35-2840-43A8-B6B2-34FCBDFFAF09}.Release|x64.Build.0 = Release|x64
		{3EF45E35-2840-43A8-B6B2-34FCBDFFAF09}.Release|x86.ActiveCfg = Release|Win32
		{3EF45E35-2840-43A8-B6B2-34FCBDFFAF09}.Release|x86.Build.0 = Release|Win32
	EndGlobalSection
	GlobalSection(SolutionProperties) = preSolution
		HideSolutionNode = FALSE
	EndGlobalSection
	GlobalSection(ExtensibilityGlobals) = postSolution
		SolutionGuid = {274D8A9B-5589-4788-8A4E-447E93C6609C}
	EndGlobalSection
EndGlobal
